
Microsoft Visual Studio Solution File, Format Version 12.00
# Visual Studio 14
VisualStudioVersion = 14.0.25420.1
MinimumVisualStudioVersion = 10.0.40219.1
Project("{FAE04EC0-301F-11D3-BF4B-00C04F79EFBC}") = "MvcDataAssignments", "MvcDataAssignments\MvcDataAssignments.csproj", "{1C9D09CE-B3C5-472B-B105-C7607D338DBE}"
EndProject
Global
	GlobalSection(SolutionConfigurationPlatforms) = preSolution
		Debug|Any CPU = Debug|Any CPU
		Release|Any CPU = Release|Any CPU
	EndGlobalSection
	GlobalSection(ProjectConfigurationPlatforms) = postSolution
		{1C9D09CE-B3C5-472B-B105-C7607D338DBE}.Debug|Any CPU.ActiveCfg = Debug|Any CPU
		{1C9D09CE-B3C5-472B-B105-C7607D338DBE}.Debug|Any CPU.Build.0 = Debug|Any CPU
		{1C9D09CE-B3C5-472B-B105-C7607D338DBE}.Release|Any CPU.ActiveCfg = Release|Any CPU
		{1C9D09CE-B3C5-472B-B105-C7607D338DBE}.Release|Any CPU.Build.0 = Release|Any CPU
	EndGlobalSection
	GlobalSection(SolutionProperties) = preSolution
		HideSolutionNode = FALSE
	EndGlobalSection
EndGlobal
